
Microsoft Visual Studio Solution File, Format Version 12.00
# Visual Studio Version 16
VisualStudioVersion = 16.0.30406.217
MinimumVisualStudioVersion = 10.0.40219.1
Project("{8BC9CEB8-8B4A-11D0-8D11-00A0C91BC942}") = "1-4", "1-4\1-4.vcxproj", "{CF18D5D1-BFFB-4472-86A9-093006E09A3C}"
EndProject
Global
	GlobalSection(SolutionConfigurationPlatforms) = preSolution
		Debug|x64 = Debug|x64
		Debug|x86 = Debug|x86
		Release|x64 = Release|x64
		Release|x86 = Release|x86
	EndGlobalSection
	GlobalSection(ProjectConfigurationPlatforms) = postSolution
		{CF18D5D1-BFFB-4472-86A9-093006E09A3C}.Debug|x64.ActiveCfg = Debug|x64
		{CF18D5D1-BFFB-4472-86A9-093006E09A3C}.Debug|x64.Build.0 = Debug|x64
		{CF18D5D1-BFFB-4472-86A9-093006E09A3C}.Debug|x86.ActiveCfg = Debug|Win32
		{CF18D5D1-BFFB-4472-86A9-093006E09A3C}.Debug|x86.Build.0 = Debug|Win32
		{CF18D5D1-BFFB-4472-86A9-093006E09A3C}.Release|x64.ActiveCfg = Release|x64
		{CF18D5D1-BFFB-4472-86A9-093006E09A3C}.Release|x64.Build.0 = Release|x64
		{CF18D5D1-BFFB-4472-86A9-093006E09A3C}.Release|x86.ActiveCfg = Release|Win32
		{CF18D5D1-BFFB-4472-86A9-093006E09A3C}.Release|x86.Build.0 = Release|Win32
	EndGlobalSection
	GlobalSection(SolutionProperties) = preSolution
		HideSolutionNode = FALSE
	EndGlobalSection
	GlobalSection(ExtensibilityGlobals) = postSolution
		SolutionGuid = {FD9BFD4A-FCCA-48DE-B279-67F68B8CB8AF}
	EndGlobalSection
EndGlobal
